
Microsoft Visual Studio Solution File, Format Version 12.00
# Visual Studio 15
VisualStudioVersion = 15.0.27004.2002
MinimumVisualStudioVersion = 10.0.40219.1
Project("{8BC9CEB8-8B4A-11D0-8D11-00A0C91BC942}") = "genotickcpp", "genotickcpp.vcxproj", "{D21EDFCA-CD29-4475-B1A8-37B45973227A}"
	ProjectSection(ProjectDependencies) = postProject
		{1E96B197-7EC2-42F0-80DA-94E5B01AAC14} = {1E96B197-7EC2-42F0-80DA-94E5B01AAC14}
	EndProjectSection
EndProject
Project("{8BC9CEB8-8B4A-11D0-8D11-00A0C91BC942}") = "genotickcpp_example", "genotickcpp_example.vcxproj", "{904538D6-C660-4AEC-A40E-1A08799277DE}"
	ProjectSection(ProjectDependencies) = postProject
		{D21EDFCA-CD29-4475-B1A8-37B45973227A} = {D21EDFCA-CD29-4475-B1A8-37B45973227A}
	EndProjectSection
EndProject
Project("{8BC9CEB8-8B4A-11D0-8D11-00A0C91BC942}") = "genotickcpp_example_c", "genotickcpp_example_c.vcxproj", "{3736FD5A-0B0E-44E7-A8A2-8517A2CD1118}"
	ProjectSection(ProjectDependencies) = postProject
		{D21EDFCA-CD29-4475-B1A8-37B45973227A} = {D21EDFCA-CD29-4475-B1A8-37B45973227A}
	EndProjectSection
EndProject
Project("{8BC9CEB8-8B4A-11D0-8D11-00A0C91BC942}") = "commonlib", "..\..\commonlib\vs2017\commonlib.vcxproj", "{1E96B197-7EC2-42F0-80DA-94E5B01AAC14}"
EndProject
Global
	GlobalSection(SolutionConfigurationPlatforms) = preSolution
		Debug|x64 = Debug|x64
		Debug|x86 = Debug|x86
		DebugDLL|x64 = DebugDLL|x64
		DebugDLL|x86 = DebugDLL|x86
		DebugLIB|x64 = DebugLIB|x64
		DebugLIB|x86 = DebugLIB|x86
		Release|x64 = Release|x64
		Release|x86 = Release|x86
		ReleaseDLL|x64 = ReleaseDLL|x64
		ReleaseDLL|x86 = ReleaseDLL|x86
		ReleaseLIB|x64 = ReleaseLIB|x64
		ReleaseLIB|x86 = ReleaseLIB|x86
	EndGlobalSection
	GlobalSection(ProjectConfigurationPlatforms) = postSolution
		{D21EDFCA-CD29-4475-B1A8-37B45973227A}.Debug|x64.ActiveCfg = DebugLIB|x64
		{D21EDFCA-CD29-4475-B1A8-37B45973227A}.Debug|x64.Build.0 = DebugLIB|x64
		{D21EDFCA-CD29-4475-B1A8-37B45973227A}.Debug|x86.ActiveCfg = DebugLIB|Win32
		{D21EDFCA-CD29-4475-B1A8-37B45973227A}.Debug|x86.Build.0 = DebugLIB|Win32
		{D21EDFCA-CD29-4475-B1A8-37B45973227A}.DebugDLL|x64.ActiveCfg = DebugDLL|x64
		{D21EDFCA-CD29-4475-B1A8-37B45973227A}.DebugDLL|x64.Build.0 = DebugDLL|x64
		{D21EDFCA-CD29-4475-B1A8-37B45973227A}.DebugDLL|x86.ActiveCfg = DebugDLL|Win32
		{D21EDFCA-CD29-4475-B1A8-37B45973227A}.DebugDLL|x86.Build.0 = DebugDLL|Win32
		{D21EDFCA-CD29-4475-B1A8-37B45973227A}.DebugLIB|x64.ActiveCfg = DebugLIB|x64
		{D21EDFCA-CD29-4475-B1A8-37B45973227A}.DebugLIB|x64.Build.0 = DebugLIB|x64
		{D21EDFCA-CD29-4475-B1A8-37B45973227A}.DebugLIB|x86.ActiveCfg = DebugLIB|Win32
		{D21EDFCA-CD29-4475-B1A8-37B45973227A}.DebugLIB|x86.Build.0 = DebugLIB|Win32
		{D21EDFCA-CD29-4475-B1A8-37B45973227A}.Release|x64.ActiveCfg = ReleaseLIB|x64
		{D21EDFCA-CD29-4475-B1A8-37B45973227A}.Release|x64.Build.0 = ReleaseLIB|x64
		{D21EDFCA-CD29-4475-B1A8-37B45973227A}.Release|x86.ActiveCfg = ReleaseLIB|Win32
		{D21EDFCA-CD29-4475-B1A8-37B45973227A}.Release|x86.Build.0 = ReleaseLIB|Win32
		{D21EDFCA-CD29-4475-B1A8-37B45973227A}.ReleaseDLL|x64.ActiveCfg = ReleaseDLL|x64
		{D21EDFCA-CD29-4475-B1A8-37B45973227A}.ReleaseDLL|x64.Build.0 = ReleaseDLL|x64
		{D21EDFCA-CD29-4475-B1A8-37B45973227A}.ReleaseDLL|x86.ActiveCfg = ReleaseDLL|Win32
		{D21EDFCA-CD29-4475-B1A8-37B45973227A}.ReleaseDLL|x86.Build.0 = ReleaseDLL|Win32
		{D21EDFCA-CD29-4475-B1A8-37B45973227A}.ReleaseLIB|x64.ActiveCfg = ReleaseLIB|x64
		{D21EDFCA-CD29-4475-B1A8-37B45973227A}.ReleaseLIB|x64.Build.0 = ReleaseLIB|x64
		{D21EDFCA-CD29-4475-B1A8-37B45973227A}.ReleaseLIB|x86.ActiveCfg = ReleaseLIB|Win32
		{D21EDFCA-CD29-4475-B1A8-37B45973227A}.ReleaseLIB|x86.Build.0 = ReleaseLIB|Win32
		{904538D6-C660-4AEC-A40E-1A08799277DE}.Debug|x64.ActiveCfg = DebugLIB|x64
		{904538D6-C660-4AEC-A40E-1A08799277DE}.Debug|x64.Build.0 = DebugLIB|x64
		{904538D6-C660-4AEC-A40E-1A08799277DE}.Debug|x86.ActiveCfg = DebugLIB|Win32
		{904538D6-C660-4AEC-A40E-1A08799277DE}.Debug|x86.Build.0 = DebugLIB|Win32
		{904538D6-C660-4AEC-A40E-1A08799277DE}.DebugDLL|x64.ActiveCfg = DebugDLL|x64
		{904538D6-C660-4AEC-A40E-1A08799277DE}.DebugDLL|x64.Build.0 = DebugDLL|x64
		{904538D6-C660-4AEC-A40E-1A08799277DE}.DebugDLL|x86.ActiveCfg = DebugDLL|Win32
		{904538D6-C660-4AEC-A40E-1A08799277DE}.DebugDLL|x86.Build.0 = DebugDLL|Win32
		{904538D6-C660-4AEC-A40E-1A08799277DE}.DebugLIB|x64.ActiveCfg = DebugLIB|x64
		{904538D6-C660-4AEC-A40E-1A08799277DE}.DebugLIB|x64.Build.0 = DebugLIB|x64
		{904538D6-C660-4AEC-A40E-1A08799277DE}.DebugLIB|x86.ActiveCfg = DebugLIB|Win32
		{904538D6-C660-4AEC-A40E-1A08799277DE}.DebugLIB|x86.Build.0 = DebugLIB|Win32
		{904538D6-C660-4AEC-A40E-1A08799277DE}.Release|x64.ActiveCfg = ReleaseLIB|x64
		{904538D6-C660-4AEC-A40E-1A08799277DE}.Release|x64.Build.0 = ReleaseLIB|x64
		{904538D6-C660-4AEC-A40E-1A08799277DE}.Release|x86.ActiveCfg = ReleaseLIB|Win32
		{904538D6-C660-4AEC-A40E-1A08799277DE}.Release|x86.Build.0 = ReleaseLIB|Win32
		{904538D6-C660-4AEC-A40E-1A08799277DE}.ReleaseDLL|x64.ActiveCfg = ReleaseDLL|x64
		{904538D6-C660-4AEC-A40E-1A08799277DE}.ReleaseDLL|x64.Build.0 = ReleaseDLL|x64
		{904538D6-C660-4AEC-A40E-1A08799277DE}.ReleaseDLL|x86.ActiveCfg = ReleaseDLL|Win32
		{904538D6-C660-4AEC-A40E-1A08799277DE}.ReleaseDLL|x86.Build.0 = ReleaseDLL|Win32
		{904538D6-C660-4AEC-A40E-1A08799277DE}.ReleaseLIB|x64.ActiveCfg = ReleaseLIB|x64
		{904538D6-C660-4AEC-A40E-1A08799277DE}.ReleaseLIB|x64.Build.0 = ReleaseLIB|x64
		{904538D6-C660-4AEC-A40E-1A08799277DE}.ReleaseLIB|x86.ActiveCfg = ReleaseLIB|Win32
		{904538D6-C660-4AEC-A40E-1A08799277DE}.ReleaseLIB|x86.Build.0 = ReleaseLIB|Win32
		{3736FD5A-0B0E-44E7-A8A2-8517A2CD1118}.Debug|x64.ActiveCfg = DebugLIB|x64
		{3736FD5A-0B0E-44E7-A8A2-8517A2CD1118}.Debug|x64.Build.0 = DebugLIB|x64
		{3736FD5A-0B0E-44E7-A8A2-8517A2CD1118}.Debug|x64.Deploy.0 = DebugLIB|x64
		{3736FD5A-0B0E-44E7-A8A2-8517A2CD1118}.Debug|x86.ActiveCfg = DebugLIB|Win32
		{3736FD5A-0B0E-44E7-A8A2-8517A2CD1118}.Debug|x86.Build.0 = DebugLIB|Win32
		{3736FD5A-0B0E-44E7-A8A2-8517A2CD1118}.Debug|x86.Deploy.0 = DebugLIB|Win32
		{3736FD5A-0B0E-44E7-A8A2-8517A2CD1118}.DebugDLL|x64.ActiveCfg = DebugDLL|x64
		{3736FD5A-0B0E-44E7-A8A2-8517A2CD1118}.DebugDLL|x64.Build.0 = DebugDLL|x64
		{3736FD5A-0B0E-44E7-A8A2-8517A2CD1118}.DebugDLL|x86.ActiveCfg = DebugDLL|Win32
		{3736FD5A-0B0E-44E7-A8A2-8517A2CD1118}.DebugDLL|x86.Build.0 = DebugDLL|Win32
		{3736FD5A-0B0E-44E7-A8A2-8517A2CD1118}.DebugLIB|x64.ActiveCfg = DebugLIB|x64
		{3736FD5A-0B0E-44E7-A8A2-8517A2CD1118}.DebugLIB|x64.Build.0 = DebugLIB|x64
		{3736FD5A-0B0E-44E7-A8A2-8517A2CD1118}.DebugLIB|x86.ActiveCfg = DebugLIB|Win32
		{3736FD5A-0B0E-44E7-A8A2-8517A2CD1118}.DebugLIB|x86.Build.0 = DebugLIB|Win32
		{3736FD5A-0B0E-44E7-A8A2-8517A2CD1118}.Release|x64.ActiveCfg = ReleaseLIB|x64
		{3736FD5A-0B0E-44E7-A8A2-8517A2CD1118}.Release|x64.Build.0 = ReleaseLIB|x64
		{3736FD5A-0B0E-44E7-A8A2-8517A2CD1118}.Release|x64.Deploy.0 = ReleaseLIB|x64
		{3736FD5A-0B0E-44E7-A8A2-8517A2CD1118}.Release|x86.ActiveCfg = ReleaseLIB|Win32
		{3736FD5A-0B0E-44E7-A8A2-8517A2CD1118}.Release|x86.Build.0 = ReleaseLIB|Win32
		{3736FD5A-0B0E-44E7-A8A2-8517A2CD1118}.Release|x86.Deploy.0 = ReleaseLIB|Win32
		{3736FD5A-0B0E-44E7-A8A2-8517A2CD1118}.ReleaseDLL|x64.ActiveCfg = ReleaseDLL|x64
		{3736FD5A-0B0E-44E7-A8A2-8517A2CD1118}.ReleaseDLL|x64.Build.0 = ReleaseDLL|x64
		{3736FD5A-0B0E-44E7-A8A2-8517A2CD1118}.ReleaseDLL|x86.ActiveCfg = ReleaseDLL|Win32
		{3736FD5A-0B0E-44E7-A8A2-8517A2CD1118}.ReleaseDLL|x86.Build.0 = ReleaseDLL|Win32
		{3736FD5A-0B0E-44E7-A8A2-8517A2CD1118}.ReleaseLIB|x64.ActiveCfg = ReleaseLIB|x64
		{3736FD5A-0B0E-44E7-A8A2-8517A2CD1118}.ReleaseLIB|x64.Build.0 = ReleaseLIB|x64
		{3736FD5A-0B0E-44E7-A8A2-8517A2CD1118}.ReleaseLIB|x86.ActiveCfg = ReleaseLIB|Win32
		{3736FD5A-0B0E-44E7-A8A2-8517A2CD1118}.ReleaseLIB|x86.Build.0 = ReleaseLIB|Win32
		{1E96B197-7EC2-42F0-80DA-94E5B01AAC14}.Debug|x64.ActiveCfg = Debug|x64
		{1E96B197-7EC2-42F0-80DA-94E5B01AAC14}.Debug|x64.Build.0 = Debug|x64
		{1E96B197-7EC2-42F0-80DA-94E5B01AAC14}.Debug|x86.ActiveCfg = Debug|Win32
		{1E96B197-7EC2-42F0-80DA-94E5B01AAC14}.Debug|x86.Build.0 = Debug|Win32
		{1E96B197-7EC2-42F0-80DA-94E5B01AAC14}.DebugDLL|x64.ActiveCfg = Debug|x64
		{1E96B197-7EC2-42F0-80DA-94E5B01AAC14}.DebugDLL|x64.Build.0 = Debug|x64
		{1E96B197-7EC2-42F0-80DA-94E5B01AAC14}.DebugDLL|x86.ActiveCfg = Debug|Win32
		{1E96B197-7EC2-42F0-80DA-94E5B01AAC14}.DebugDLL|x86.Build.0 = Debug|Win32
		{1E96B197-7EC2-42F0-80DA-94E5B01AAC14}.DebugLIB|x64.ActiveCfg = Debug|x64
		{1E96B197-7EC2-42F0-80DA-94E5B01AAC14}.DebugLIB|x64.Build.0 = Debug|x64
		{1E96B197-7EC2-42F0-80DA-94E5B01AAC14}.DebugLIB|x86.ActiveCfg = Debug|Win32
		{1E96B197-7EC2-42F0-80DA-94E5B01AAC14}.DebugLIB|x86.Build.0 = Debug|Win32
		{1E96B197-7EC2-42F0-80DA-94E5B01AAC14}.Release|x64.ActiveCfg = Release|x64
		{1E96B197-7EC2-42F0-80DA-94E5B01AAC14}.Release|x64.Build.0 = Release|x64
		{1E96B197-7EC2-42F0-80DA-94E5B01AAC14}.Release|x86.ActiveCfg = Release|Win32
		{1E96B197-7EC2-42F0-80DA-94E5B01AAC14}.Release|x86.Build.0 = Release|Win32
		{1E96B197-7EC2-42F0-80DA-94E5B01AAC14}.ReleaseDLL|x64.ActiveCfg = Release|x64
		{1E96B197-7EC2-42F0-80DA-94E5B01AAC14}.ReleaseDLL|x64.Build.0 = Release|x64
		{1E96B197-7EC2-42F0-80DA-94E5B01AAC14}.ReleaseDLL|x86.ActiveCfg = Release|Win32
		{1E96B197-7EC2-42F0-80DA-94E5B01AAC14}.ReleaseDLL|x86.Build.0 = Release|Win32
		{1E96B197-7EC2-42F0-80DA-94E5B01AAC14}.ReleaseLIB|x64.ActiveCfg = Release|x64
		{1E96B197-7EC2-42F0-80DA-94E5B01AAC14}.ReleaseLIB|x64.Build.0 = Release|x64
		{1E96B197-7EC2-42F0-80DA-94E5B01AAC14}.ReleaseLIB|x86.ActiveCfg = Release|Win32
		{1E96B197-7EC2-42F0-80DA-94E5B01AAC14}.ReleaseLIB|x86.Build.0 = Release|Win32
	EndGlobalSection
	GlobalSection(SolutionProperties) = preSolution
		HideSolutionNode = FALSE
	EndGlobalSection
	GlobalSection(ExtensibilityGlobals) = postSolution
		SolutionGuid = {64EE0D31-748A-41E1-B636-B6AA340623D3}
	EndGlobalSection
EndGlobal
