<?xml version="1.0" encoding="utf-8"?>
<Project ToolsVersion="4.0" xmlns="http://schemas.microsoft.com/developer/msbuild/2003">
  <ItemGroup>
    <Filter Include="src">
      <UniqueIdentifier>{2637af0b-7ff6-4542-a8b9-c253773d58f4}</UniqueIdentifier>
    </Filter>
    <Filter Include="src\example">
      <UniqueIdentifier>{b88f4c1a-881f-4818-a226-f5df34ec41cb}</UniqueIdentifier>
    </Filter>
  </ItemGroup>
  <ItemGroup>
    <ClCompile Include="..\src\example\example.c">
      <Filter>src\example</Filter>
    </ClCompile>
  </ItemGroup>
</Project>